
Microsoft Visual Studio Solution File, Format Version 12.00
# Visual Studio Version 17
VisualStudioVersion = 17.2.32526.322
MinimumVisualStudioVersion = 10.0.40219.1
Project("{FAE04EC0-301F-11D3-BF4B-00C04F79EFBC}") = "MyFirstUnitTests", "MyFirstUnitTests\MyFirstUnitTests.csproj", "{A1CD1C74-EDAF-4BBA-BACC-3C7370F47A19}"
EndProject
Global
	GlobalSection(SolutionConfigurationPlatforms) = preSolution
		Debug|Any CPU = Debug|Any CPU
		Release|Any CPU = Release|Any CPU
	EndGlobalSection
	GlobalSection(ProjectConfigurationPlatforms) = postSolution
		{A1CD1C74-EDAF-4BBA-BACC-3C7370F47A19}.Debug|Any CPU.ActiveCfg = Debug|Any CPU
		{A1CD1C74-EDAF-4BBA-BACC-3C7370F47A19}.Debug|Any CPU.Build.0 = Debug|Any CPU
		{A1CD1C74-EDAF-4BBA-BACC-3C7370F47A19}.Release|Any CPU.ActiveCfg = Release|Any CPU
		{A1CD1C74-EDAF-4BBA-BACC-3C7370F47A19}.Release|Any CPU.Build.0 = Release|Any CPU
	EndGlobalSection
	GlobalSection(SolutionProperties) = preSolution
		HideSolutionNode = FALSE
	EndGlobalSection
	GlobalSection(ExtensibilityGlobals) = postSolution
		SolutionGuid = {C0869178-7535-4803-84A3-5EE3E5E36F56}
	EndGlobalSection
EndGlobal
